
Microsoft Visual Studio Solution File, Format Version 12.00
# Visual Studio Version 16
VisualStudioVersion = 16.0.29418.71
MinimumVisualStudioVersion = 10.0.40219.1
Project("{FAE04EC0-301F-11D3-BF4B-00C04F79EFBC}") = "CoffeeShopLab", "CoffeeShopLab\CoffeeShopLab.csproj", "{885DC2BB-E797-4C62-B8EA-CE975CFAEDA2}"
EndProject
Global
	GlobalSection(SolutionConfigurationPlatforms) = preSolution
		Debug|Any CPU = Debug|Any CPU
		Release|Any CPU = Release|Any CPU
	EndGlobalSection
	GlobalSection(ProjectConfigurationPlatforms) = postSolution
		{885DC2BB-E797-4C62-B8EA-CE975CFAEDA2}.Debug|Any CPU.ActiveCfg = Debug|Any CPU
		{885DC2BB-E797-4C62-B8EA-CE975CFAEDA2}.Debug|Any CPU.Build.0 = Debug|Any CPU
		{885DC2BB-E797-4C62-B8EA-CE975CFAEDA2}.Release|Any CPU.ActiveCfg = Release|Any CPU
		{885DC2BB-E797-4C62-B8EA-CE975CFAEDA2}.Release|Any CPU.Build.0 = Release|Any CPU
	EndGlobalSection
	GlobalSection(SolutionProperties) = preSolution
		HideSolutionNode = FALSE
	EndGlobalSection
	GlobalSection(ExtensibilityGlobals) = postSolution
		SolutionGuid = {F26AE9C8-A07F-46A2-8B10-F53E9AB3671B}
	EndGlobalSection
EndGlobal
